
Microsoft Visual Studio Solution File, Format Version 12.00
# Visual Studio Version 17
VisualStudioVersion = 17.4.33205.214
MinimumVisualStudioVersion = 10.0.40219.1
Project("{FAE04EC0-301F-11D3-BF4B-00C04F79EFBC}") = "EmployeeWageComputationProgram", "EmployeeWageComputationProgram\EmployeeWageComputationProgram.csproj", "{89713495-949D-4985-91A6-BBA0B83749C4}"
EndProject
Global
	GlobalSection(SolutionConfigurationPlatforms) = preSolution
		Debug|Any CPU = Debug|Any CPU
		Release|Any CPU = Release|Any CPU
	EndGlobalSection
	GlobalSection(ProjectConfigurationPlatforms) = postSolution
		{89713495-949D-4985-91A6-BBA0B83749C4}.Debug|Any CPU.ActiveCfg = Debug|Any CPU
		{89713495-949D-4985-91A6-BBA0B83749C4}.Debug|Any CPU.Build.0 = Debug|Any CPU
		{89713495-949D-4985-91A6-BBA0B83749C4}.Release|Any CPU.ActiveCfg = Release|Any CPU
		{89713495-949D-4985-91A6-BBA0B83749C4}.Release|Any CPU.Build.0 = Release|Any CPU
	EndGlobalSection
	GlobalSection(SolutionProperties) = preSolution
		HideSolutionNode = FALSE
	EndGlobalSection
	GlobalSection(ExtensibilityGlobals) = postSolution
		SolutionGuid = {B936EF4E-2A3C-4154-B9EB-5C6DA030B2F4}
	EndGlobalSection
EndGlobal
